# This file is automatically @generated by Poetry 2.0.0 and should not be changed by hand.

[[package]]
name = "asgiref"
version = "3.8.1"
description = "ASGI specs, helper code, and adapters"
optional = false
python-versions = ">=3.8"
groups = ["main"]
files = [
    {file = "asgiref-3.8.1-py3-none-any.whl", hash = "sha256:3e1e3ecc849832fe52ccf2cb6686b7a55f82bb1d6aee72a58826471390335e47"},
    {file = "asgiref-3.8.1.tar.gz", hash = "sha256:c343bd80a0bec947a9860adb4c432ffa7db769836c64238fc34bdc3fec84d590"},
]

[package.extras]
tests = ["mypy (>=0.800)", "pytest", "pytest-asyncio"]

[[package]]
name = "django"
version = "5.1.5"
description = "A high-level Python web framework that encourages rapid development and clean, pragmatic design."
optional = false
python-versions = ">=3.10"
groups = ["main"]
files = [
    {file = "Django-5.1.5-py3-none-any.whl", hash = "sha256:c46eb936111fffe6ec4bc9930035524a8be98ec2f74d8a0ff351226a3e52f459"},
    {file = "Django-5.1.5.tar.gz", hash = "sha256:19bbca786df50b9eca23cee79d495facf55c8f5c54c529d9bf1fe7b5ea086af3"},
]

[package.dependencies]
asgiref = ">=3.8.1,<4"
sqlparse = ">=0.3.1"
tzdata = {version = "*", markers = "sys_platform == \"win32\""}

[package.extras]
argon2 = ["argon2-cffi (>=19.1.0)"]
bcrypt = ["bcrypt"]

[[package]]
name = "gunicorn"
version = "23.0.0"
description = "WSGI HTTP Server for UNIX"
optional = false
python-versions = ">=3.7"
groups = ["main"]
files = [
    {file = "gunicorn-23.0.0-py3-none-any.whl", hash = "sha256:ec400d38950de4dfd418cff8328b2c8faed0edb0d517d3394e457c317908ca4d"},
    {file = "gunicorn-23.0.0.tar.gz", hash = "sha256:f014447a0101dc57e294f6c18ca6b40227a4c90e9bdb586042628030cba004ec"},
]

[package.dependencies]
packaging = "*"

[package.extras]
eventlet = ["eventlet (>=0.24.1,!=0.36.0)"]
gevent = ["gevent (>=1.4.0)"]
setproctitle = ["setproctitle"]
testing = ["coverage", "eventlet", "gevent", "pytest", "pytest-cov"]
tornado = ["tornado (>=0.2)"]

[[package]]
name = "packaging"
version = "24.2"
description = "Core utilities for Python packages"
optional = false
python-versions = ">=3.8"
groups = ["main"]
files = [
    {file = "packaging-24.2-py3-none-any.whl", hash = "sha256:09abb1bccd265c01f4a3aa3f7a7db064b36514d2cba19a2f694fe6150451a759"},
    {file = "packaging-24.2.tar.gz", hash = "sha256:c228a6dc5e932d346bc5739379109d49e8853dd8223571c7c5b55260edc0b97f"},
]

[[package]]
name = "psycopg2"
version = "2.9.10"
description = "psycopg2 - Python-PostgreSQL Database Adapter"
optional = false
python-versions = ">=3.8"
groups = ["main"]
files = [
    {file = "psycopg2-2.9.10-cp310-cp310-win32.whl", hash = "sha256:5df2b672140f95adb453af93a7d669d7a7bf0a56bcd26f1502329166f4a61716"},
    {file = "psycopg2-2.9.10-cp310-cp310-win_amd64.whl", hash = "sha256:c6f7b8561225f9e711a9c47087388a97fdc948211c10a4bccbf0ba68ab7b3b5a"},
    {file = "psycopg2-2.9.10-cp311-cp311-win32.whl", hash = "sha256:47c4f9875125344f4c2b870e41b6aad585901318068acd01de93f3677a6522c2"},
    {file = "psycopg2-2.9.10-cp311-cp311-win_amd64.whl", hash = "sha256:0435034157049f6846e95103bd8f5a668788dd913a7c30162ca9503fdf542cb4"},
    {file = "psycopg2-2.9.10-cp312-cp312-win32.whl", hash = "sha256:65a63d7ab0e067e2cdb3cf266de39663203d38d6a8ed97f5ca0cb315c73fe067"},
    {file = "psycopg2-2.9.10-cp312-cp312-win_amd64.whl", hash = "sha256:4a579d6243da40a7b3182e0430493dbd55950c493d8c68f4eec0b302f6bbf20e"},
    {file = "psycopg2-2.9.10-cp313-cp313-win_amd64.whl", hash = "sha256:91fd603a2155da8d0cfcdbf8ab24a2d54bca72795b90d2a3ed2b6da8d979dee2"},
    {file = "psycopg2-2.9.10-cp39-cp39-win32.whl", hash = "sha256:9d5b3b94b79a844a986d029eee38998232451119ad653aea42bb9220a8c5066b"},
    {file = "psycopg2-2.9.10-cp39-cp39-win_amd64.whl", hash = "sha256:88138c8dedcbfa96408023ea2b0c369eda40fe5d75002c0964c78f46f11fa442"},
    {file = "psycopg2-2.9.10.tar.gz", hash = "sha256:12ec0b40b0273f95296233e8750441339298e6a572f7039da5b260e3c8b60e11"},
]

[[package]]
name = "pyuwsgi"
version = "2.0.28.post1"
description = "The uWSGI server"
optional = false
python-versions = "*"
groups = ["main"]
files = [
    {file = "pyuwsgi-2.0.28.post1-cp310-cp310-macosx_10_9_x86_64.whl", hash = "sha256:611e6585a51b3a1f9619e1069dcdc1b8bf37ad7aa16b271fce2ca3e1440fc548"},
    {file = "pyuwsgi-2.0.28.post1-cp310-cp310-macosx_11_0_arm64.whl", hash = "sha256:5c2caedcc6fd0cd217b65ab863a51e18032b3ce81316d0a079652ed43ed8ba68"},
    {file = "pyuwsgi-2.0.28.post1-cp310-cp310-manylinux_2_17_aarch64.manylinux2014_aarch64.whl", hash = "sha256:a9382286b9cf94b5d826388cda7097235b0f1348c7549c8b71100ecfc8d74c58"},
    {file = "pyuwsgi-2.0.28.post1-cp310-cp310-manylinux_2_17_i686.manylinux2014_i686.whl", hash = "sha256:30798db4c0c9b36a12fd831cfe621c69569e226d177b3c28c6a191e2a819604f"},
    {file = "pyuwsgi-2.0.28.post1-cp310-cp310-manylinux_2_17_x86_64.manylinux2014_x86_64.whl", hash = "sha256:4a4fbc27ccbe24cffb65ce89fbb7cf2e8a0af625b7706179786a810688cefd7f"},
    {file = "pyuwsgi-2.0.28.post1-cp310-cp310-musllinux_1_2_aarch64.whl", hash = "sha256:e1289847ba14ae2ba4f918c57e9d257ecd82a43f6c7a026e155577596c6304f1"},
    {file = "pyuwsgi-2.0.28.post1-cp310-cp310-musllinux_1_2_i686.whl", hash = "sha256:91bdc9fcd1e13088ef57f7e58e427c9539e9d2c6d75157f55b5d17ef599e61ee"},
    {file = "pyuwsgi-2.0.28.post1-cp310-cp310-musllinux_1_2_x86_64.whl", hash = "sha256:a1b0a27f1b9c63a1ac9788a068e5905b8ebedb1b460b9256ac85d1318fd6a9a6"},
    {file = "pyuwsgi-2.0.28.post1-cp311-cp311-macosx_10_9_x86_64.whl", hash = "sha256:36d9c628067fc1c58534b800aacbb7499813b214cabe9128fb5ba79ad32ff9b9"},
    {file = "pyuwsgi-2.0.28.post1-cp311-cp311-macosx_11_0_arm64.whl", hash = "sha256:219032fe8bb8306cb05e7bc509ff134c853cfcbd7d809a867d5b8ecd589bef5d"},
    {file = "pyuwsgi-2.0.28.post1-cp311-cp311-manylinux_2_17_aarch64.manylinux2014_aarch64.whl", hash = "sha256:1573ac212201ccbfea00b93d88fde89205d3c2f0a4d0c973058aa0b8745d4a2d"},
    {file = "pyuwsgi-2.0.28.post1-cp311-cp311-manylinux_2_17_i686.manylinux2014_i686.whl", hash = "sha256:6105bd14fa2e61505dc116574ba79f3f6e0f425f206d3bec2337463457167aba"},
    {file = "pyuwsgi-2.0.28.post1-cp311-cp311-manylinux_2_17_x86_64.manylinux2014_x86_64.whl", hash = "sha256:44bfebc678b2dde10382197b9199ce546b699a672e05e139a3827efb121e704f"},
    {file = "pyuwsgi-2.0.28.post1-cp311-cp311-musllinux_1_2_aarch64.whl", hash = "sha256:e4e4775246f2ab079ea4bcf69d70441ffe81eba82a88eb4da6ae9debf334511f"},
    {file = "pyuwsgi-2.0.28.post1-cp311-cp311-musllinux_1_2_i686.whl", hash = "sha256:e227836984735fdfa26d3be4927a6ae060ad8a0d28ef4a6adcd4f47fbfd7e876"},
    {file = "pyuwsgi-2.0.28.post1-cp311-cp311-musllinux_1_2_x86_64.whl", hash = "sha256:cf4f03d8b74d9754efd8cc6b0566258ccc1123a8c2fe49a11835242a6fb27efc"},
    {file = "pyuwsgi-2.0.28.post1-cp312-cp312-macosx_10_9_x86_64.whl", hash = "sha256:9390e8a2297186ede814d5863a06fa98b91295c813fdd3d08fe1357793476486"},
    {file = "pyuwsgi-2.0.28.post1-cp312-cp312-macosx_11_0_arm64.whl", hash = "sha256:06a0294910de374ff43032b41333f7f9b62d59308b7f3eea29bc64d78fb93613"},
    {file = "pyuwsgi-2.0.28.post1-cp312-cp312-manylinux_2_17_aarch64.manylinux2014_aarch64.whl", hash = "sha256:64b40503a87621e79efe4306b77595a0cbcb69afa4f3428a85e4e8ac46068d88"},
    {file = "pyuwsgi-2.0.28.post1-cp312-cp312-manylinux_2_17_i686.manylinux2014_i686.whl", hash = "sha256:1157f49bfb360c1883feec82553adbed1e4a447e5ced66f36525a92f0e46397e"},
    {file = "pyuwsgi-2.0.28.post1-cp312-cp312-manylinux_2_17_x86_64.manylinux2014_x86_64.whl", hash = "sha256:941d44a67760dc173c0f8318f8b7bd1ef7927533d6efb4641b2ea9e934f09981"},
    {file = "pyuwsgi-2.0.28.post1-cp312-cp312-musllinux_1_2_aarch64.whl", hash = "sha256:5a90b72a25ba1a34299f4958237a12f18154b373a9a0a93a6267af5e8798c1ee"},
    {file = "pyuwsgi-2.0.28.post1-cp312-cp312-musllinux_1_2_i686.whl", hash = "sha256:2c29fdf5baaff9d717aedb63e7b78b90bec561afc099f952db44699adcb0c575"},
    {file = "pyuwsgi-2.0.28.post1-cp312-cp312-musllinux_1_2_x86_64.whl", hash = "sha256:7e8fd6f2116d2afce52965c940a96a939e9d9c7409f3e19ba445a25e33779f08"},
    {file = "pyuwsgi-2.0.28.post1-cp313-cp313-macosx_10_13_x86_64.whl", hash = "sha256:787fd67086df87921bc8837ef018cd7cf02834136f4735811375c1e17b776b40"},
    {file = "pyuwsgi-2.0.28.post1-cp313-cp313-macosx_11_0_arm64.whl", hash = "sha256:f27ee3445eab37fabbe3afc6af68220c8f0bd28c5228d6a2ec7886d080614ad4"},
    {file = "pyuwsgi-2.0.28.post1-cp313-cp313-manylinux_2_17_aarch64.manylinux2014_aarch64.whl", hash = "sha256:5bdd7ec17f795049ef346dc10efbfce6c1a9500f3f39262c86107c70b9a83cb9"},
    {file = "pyuwsgi-2.0.28.post1-cp313-cp313-manylinux_2_17_i686.manylinux2014_i686.whl", hash = "sha256:f4563fa76d64a2c309eb902511a1fcdce66865a03785c61494db5c53136ffa7a"},
    {file = "pyuwsgi-2.0.28.post1-cp313-cp313-manylinux_2_17_x86_64.manylinux2014_x86_64.whl", hash = "sha256:32838668eab84ac6847876d9da72768552fca556e09a1fe3a63facb976bd12ad"},
    {file = "pyuwsgi-2.0.28.post1-cp313-cp313-musllinux_1_2_aarch64.whl", hash = "sha256:c9feafdfa73a632767a0cb1bafd285e36fba925b9c9ddd2b3311f2963c917c9f"},
    {file = "pyuwsgi-2.0.28.post1-cp313-cp313-musllinux_1_2_i686.whl", hash = "sha256:20d23ddbf28a831543d586c9e5727c9c28d7be7bd7cb853c7db2e0c529f605bf"},
    {file = "pyuwsgi-2.0.28.post1-cp313-cp313-musllinux_1_2_x86_64.whl", hash = "sha256:c0b1b09bdf836a6cacf35e2bb06f6ad4b7dff6c6ad48895e1b1c0b0d19bbbfcc"},
    {file = "pyuwsgi-2.0.28.post1-cp37-cp37m-macosx_10_9_x86_64.whl", hash = "sha256:735861b77e607e133f9905a5e0ba6505ef6788df1cfdb6af06e6dfef07dfa9af"},
    {file = "pyuwsgi-2.0.28.post1-cp37-cp37m-manylinux_2_17_aarch64.manylinux2014_aarch64.whl", hash = "sha256:1dbe7d0bb8184ef6c9bec1a3593a02bd27de0348807c97533069a7bca2603d19"},
    {file = "pyuwsgi-2.0.28.post1-cp37-cp37m-manylinux_2_17_i686.manylinux2014_i686.whl", hash = "sha256:4fcf8a76ad40af8c3c1a1e98f11be03e999e4957f48da6a180f5b8fc40b963c4"},
    {file = "pyuwsgi-2.0.28.post1-cp37-cp37m-manylinux_2_17_x86_64.manylinux2014_x86_64.whl", hash = "sha256:6c969668db4599b6a5c927ad4bc1d698ea8c57fb10a943b51402fe80a97cdfc9"},
    {file = "pyuwsgi-2.0.28.post1-cp37-cp37m-musllinux_1_2_aarch64.whl", hash = "sha256:5b6bec34ca5b200dfc8b10c74b0a9e3da051747f5faa300f681bbb46cf573fd0"},
    {file = "pyuwsgi-2.0.28.post1-cp37-cp37m-musllinux_1_2_i686.whl", hash = "sha256:8dc521dd980ee431d4e6fc9a018ad1df4840c4551f281a598878083f3d155243"},
    {file = "pyuwsgi-2.0.28.post1-cp37-cp37m-musllinux_1_2_x86_64.whl", hash = "sha256:1e6afc8916098ca35119dc0c619f29ef572f72c6f4425f29604c17397ae313b2"},
    {file = "pyuwsgi-2.0.28.post1-cp38-cp38-macosx_10_9_x86_64.whl", hash = "sha256:b2f118d7211e4afb7e8248cd380c1eac3e87604c1143bbccac1679c3a3642e22"},
    {file = "pyuwsgi-2.0.28.post1-cp38-cp38-manylinux_2_17_aarch64.manylinux2014_aarch64.whl", hash = "sha256:327800fa58bfba5d6f2bd19331e812e0e1250aaa681874f5b92998f68e6bab75"},
    {file = "pyuwsgi-2.0.28.post1-cp38-cp38-manylinux_2_17_i686.manylinux2014_i686.whl", hash = "sha256:b351e76c9a18dc3e8a635994a98571b9ca7f10e371a0085ae3c8cd95f3db66cd"},
    {file = "pyuwsgi-2.0.28.post1-cp38-cp38-manylinux_2_17_x86_64.manylinux2014_x86_64.whl", hash = "sha256:29c6f658625f2470d905276987aec898a690eee33f49c9c3961ca9d912abd046"},
    {file = "pyuwsgi-2.0.28.post1-cp38-cp38-musllinux_1_2_aarch64.whl", hash = "sha256:9436ac4450730e1bcca4591ebb781eabcfcf93462114e199b951118032144323"},
    {file = "pyuwsgi-2.0.28.post1-cp38-cp38-musllinux_1_2_i686.whl", hash = "sha256:0b1c131288b6b473e39c5b02e63c34b64422665749dcadee41ef98d64b5db5d0"},
    {file = "pyuwsgi-2.0.28.post1-cp38-cp38-musllinux_1_2_x86_64.whl", hash = "sha256:a8a932c9d34b2f0007eabf04728ffae7be8bfb87a044daee50a82b6796ad5b34"},
    {file = "pyuwsgi-2.0.28.post1-cp39-cp39-macosx_10_9_x86_64.whl", hash = "sha256:f55071012ce5d728ac428be78c3710e986acc02dcfc1d72f3a76541b85e25cfb"},
    {file = "pyuwsgi-2.0.28.post1-cp39-cp39-macosx_11_0_arm64.whl", hash = "sha256:fa60c4fb1e483c079d1f3767863bc41884f6322f0744ac5d6398b0e505e9d21e"},
    {file = "pyuwsgi-2.0.28.post1-cp39-cp39-manylinux_2_17_aarch64.manylinux2014_aarch64.whl", hash = "sha256:ad20990917364f8f9b3fc62424edc6d9a992146bc5e15d37b1bbc9c3934ddf9b"},
    {file = "pyuwsgi-2.0.28.post1-cp39-cp39-manylinux_2_17_i686.manylinux2014_i686.whl", hash = "sha256:167d05f635c46287ee8709b09f422fbc16310acad3c9bd100a267679c061fe62"},
    {file = "pyuwsgi-2.0.28.post1-cp39-cp39-manylinux_2_17_x86_64.manylinux2014_x86_64.whl", hash = "sha256:2300dba7037089a23b0eb4d2b037391be4d89b73e597671d0f23903a529cd552"},
    {file = "pyuwsgi-2.0.28.post1-cp39-cp39-musllinux_1_2_aarch64.whl", hash = "sha256:f61adc1ab15da41675af36256feccd0cafb797c703499930fd5b3b381b0b6273"},
    {file = "pyuwsgi-2.0.28.post1-cp39-cp39-musllinux_1_2_i686.whl", hash = "sha256:dc85ba45af7a7b89e3a722cf9cbba724fabb2c3b5caf3c25d67286ab329df97c"},
    {file = "pyuwsgi-2.0.28.post1-cp39-cp39-musllinux_1_2_x86_64.whl", hash = "sha256:81e59789af3b568ed1c4484b4bac9e4b79810f4774d8d3ab9056eb3f500e1e94"},
    {file = "pyuwsgi-2.0.28.post1.tar.gz", hash = "sha256:3b85217fd489d623512066ffed0cfc4c95bd3321655e9c6ea13cf6c7f064c9b0"},
]

[[package]]
name = "sqlparse"
version = "0.5.3"
description = "A non-validating SQL parser."
optional = false
python-versions = ">=3.8"
groups = ["main"]
files = [
    {file = "sqlparse-0.5.3-py3-none-any.whl", hash = "sha256:cf2196ed3418f3ba5de6af7e82c694a9fbdbfecccdfc72e281548517081f16ca"},
    {file = "sqlparse-0.5.3.tar.gz", hash = "sha256:09f67787f56a0b16ecdbde1bfc7f5d9c3371ca683cfeaa8e6ff60b4807ec9272"},
]

[package.extras]
dev = ["build", "hatch"]
doc = ["sphinx"]

[[package]]
name = "tzdata"
version = "2025.1"
description = "Provider of IANA time zone data"
optional = false
python-versions = ">=2"
groups = ["main"]
markers = "sys_platform == \"win32\""
files = [
    {file = "tzdata-2025.1-py2.py3-none-any.whl", hash = "sha256:7e127113816800496f027041c570f50bcd464a020098a3b6b199517772303639"},
    {file = "tzdata-2025.1.tar.gz", hash = "sha256:24894909e88cdb28bd1636c6887801df64cb485bd593f2fd83ef29075a81d694"},
]

[[package]]
name = "whitenoise"
version = "6.8.2"
description = "Radically simplified static file serving for WSGI applications"
optional = false
python-versions = ">=3.9"
groups = ["main"]
files = [
    {file = "whitenoise-6.8.2-py3-none-any.whl", hash = "sha256:df12dce147a043d1956d81d288c6f0044147c6d2ab9726e5772ac50fb45d2280"},
    {file = "whitenoise-6.8.2.tar.gz", hash = "sha256:486bd7267a375fa9650b136daaec156ac572971acc8bf99add90817a530dd1d4"},
]

[package.extras]
brotli = ["brotli"]

[metadata]
lock-version = "2.1"
python-versions = "^3.13"
content-hash = "1004a6d7e749f013aac13aa1b942c889d9468812eb1a006c2dafaa30cde49c4b"
